// !$*UTF8*$!
{
	archiveVersion = 1;
	classes = {
	};
	objectVersion = 56;
	objects = {

/* Begin PBXBuildFile section */
		187C6DED2B9A13EC00739FFC /* SwiftDoApp.swift in Sources */ = {isa = PBXBuildFile; fileRef = 187C6DEC2B9A13EC00739FFC /* SwiftDoApp.swift */; };
		187C6DEF2B9A13EC00739FFC /* MainView.swift in Sources */ = {isa = PBXBuildFile; fileRef = 187C6DEE2B9A13EC00739FFC /* MainView.swift */; };
		187C6DF12B9A13EE00739FFC /* Assets.xcassets in Resources */ = {isa = PBXBuildFile; fileRef = 187C6DF02B9A13EE00739FFC /* Assets.xcassets */; };
		187C6DF42B9A13EE00739FFC /* Preview Assets.xcassets in Resources */ = {isa = PBXBuildFile; fileRef = 187C6DF32B9A13EE00739FFC /* Preview Assets.xcassets */; };
		18AA2C802B9A654700EF99F6 /* FirebaseAnalytics in Frameworks */ = {isa = PBXBuildFile; productRef = 18AA2C7F2B9A654700EF99F6 /* FirebaseAnalytics */; };
		18AA2C822B9A654700EF99F6 /* FirebaseAnalyticsOnDeviceConversion in Frameworks */ = {isa = PBXBuildFile; productRef = 18AA2C812B9A654700EF99F6 /* FirebaseAnalyticsOnDeviceConversion */; };
		18AA2C842B9A654700EF99F6 /* FirebaseAnalyticsSwift in Frameworks */ = {isa = PBXBuildFile; productRef = 18AA2C832B9A654700EF99F6 /* FirebaseAnalyticsSwift */; };
		18AA2C862B9A654700EF99F6 /* FirebaseAnalyticsWithoutAdIdSupport in Frameworks */ = {isa = PBXBuildFile; productRef = 18AA2C852B9A654700EF99F6 /* FirebaseAnalyticsWithoutAdIdSupport */; };
		18AA2C882B9A654700EF99F6 /* FirebaseAppCheck in Frameworks */ = {isa = PBXBuildFile; productRef = 18AA2C872B9A654700EF99F6 /* FirebaseAppCheck */; };
		18AA2C8A2B9A654800EF99F6 /* FirebaseAppDistribution-Beta in Frameworks */ = {isa = PBXBuildFile; productRef = 18AA2C892B9A654700EF99F6 /* FirebaseAppDistribution-Beta */; };
		18AA2C8C2B9A654800EF99F6 /* FirebaseAuth in Frameworks */ = {isa = PBXBuildFile; productRef = 18AA2C8B2B9A654800EF99F6 /* FirebaseAuth */; };
		18AA2C8E2B9A654800EF99F6 /* FirebaseAuthCombine-Community in Frameworks */ = {isa = PBXBuildFile; productRef = 18AA2C8D2B9A654800EF99F6 /* FirebaseAuthCombine-Community */; };
		18AA2C902B9A654800EF99F6 /* FirebaseCrashlytics in Frameworks */ = {isa = PBXBuildFile; productRef = 18AA2C8F2B9A654800EF99F6 /* FirebaseCrashlytics */; };
		18AA2C922B9A654800EF99F6 /* FirebaseDatabase in Frameworks */ = {isa = PBXBuildFile; productRef = 18AA2C912B9A654800EF99F6 /* FirebaseDatabase */; };
		18AA2C942B9A654800EF99F6 /* FirebaseDatabaseSwift in Frameworks */ = {isa = PBXBuildFile; productRef = 18AA2C932B9A654800EF99F6 /* FirebaseDatabaseSwift */; };
		18AA2C962B9A654800EF99F6 /* FirebaseDynamicLinks in Frameworks */ = {isa = PBXBuildFile; productRef = 18AA2C952B9A654800EF99F6 /* FirebaseDynamicLinks */; };
		18AA2C982B9A654800EF99F6 /* FirebaseFirestore in Frameworks */ = {isa = PBXBuildFile; productRef = 18AA2C972B9A654800EF99F6 /* FirebaseFirestore */; };
		18AA2C9A2B9A654800EF99F6 /* FirebaseFirestoreCombine-Community in Frameworks */ = {isa = PBXBuildFile; productRef = 18AA2C992B9A654800EF99F6 /* FirebaseFirestoreCombine-Community */; };
		18AA2C9C2B9A654800EF99F6 /* FirebaseFirestoreSwift in Frameworks */ = {isa = PBXBuildFile; productRef = 18AA2C9B2B9A654800EF99F6 /* FirebaseFirestoreSwift */; };
		18AA2C9E2B9A654800EF99F6 /* FirebaseFunctions in Frameworks */ = {isa = PBXBuildFile; productRef = 18AA2C9D2B9A654800EF99F6 /* FirebaseFunctions */; };
		18AA2CA02B9A654800EF99F6 /* FirebaseFunctionsCombine-Community in Frameworks */ = {isa = PBXBuildFile; productRef = 18AA2C9F2B9A654800EF99F6 /* FirebaseFunctionsCombine-Community */; };
		18AA2CA22B9A654800EF99F6 /* FirebaseInAppMessaging-Beta in Frameworks */ = {isa = PBXBuildFile; productRef = 18AA2CA12B9A654800EF99F6 /* FirebaseInAppMessaging-Beta */; };
		18AA2CA42B9A654800EF99F6 /* FirebaseInAppMessagingSwift-Beta in Frameworks */ = {isa = PBXBuildFile; productRef = 18AA2CA32B9A654800EF99F6 /* FirebaseInAppMessagingSwift-Beta */; };
		18AA2CA62B9A654800EF99F6 /* FirebaseInstallations in Frameworks */ = {isa = PBXBuildFile; productRef = 18AA2CA52B9A654800EF99F6 /* FirebaseInstallations */; };
		18AA2CA82B9A654800EF99F6 /* FirebaseMLModelDownloader in Frameworks */ = {isa = PBXBuildFile; productRef = 18AA2CA72B9A654800EF99F6 /* FirebaseMLModelDownloader */; };
		18AA2CAA2B9A654800EF99F6 /* FirebaseMessaging in Frameworks */ = {isa = PBXBuildFile; productRef = 18AA2CA92B9A654800EF99F6 /* FirebaseMessaging */; };
		18AA2CAC2B9A654800EF99F6 /* FirebasePerformance in Frameworks */ = {isa = PBXBuildFile; productRef = 18AA2CAB2B9A654800EF99F6 /* FirebasePerformance */; };
		18AA2CAE2B9A654800EF99F6 /* FirebaseRemoteConfig in Frameworks */ = {isa = PBXBuildFile; productRef = 18AA2CAD2B9A654800EF99F6 /* FirebaseRemoteConfig */; };
		18AA2CB02B9A654800EF99F6 /* FirebaseRemoteConfigSwift in Frameworks */ = {isa = PBXBuildFile; productRef = 18AA2CAF2B9A654800EF99F6 /* FirebaseRemoteConfigSwift */; };
		18AA2CB22B9A654800EF99F6 /* FirebaseStorage in Frameworks */ = {isa = PBXBuildFile; productRef = 18AA2CB12B9A654800EF99F6 /* FirebaseStorage */; };
		18AA2CB42B9A654800EF99F6 /* FirebaseStorageCombine-Community in Frameworks */ = {isa = PBXBuildFile; productRef = 18AA2CB32B9A654800EF99F6 /* FirebaseStorageCombine-Community */; };
		18AA2CC12B9A6E0000EF99F6 /* GoogleService-Info.plist in Resources */ = {isa = PBXBuildFile; fileRef = 18AA2CC02B9A6E0000EF99F6 /* GoogleService-Info.plist */; };
		18AA2CC32B9A71A400EF99F6 /* ProfileView.swift in Sources */ = {isa = PBXBuildFile; fileRef = 18AA2CC22B9A71A400EF99F6 /* ProfileView.swift */; };
		18AA2CC52B9A71D000EF99F6 /* SwiftDoView.swift in Sources */ = {isa = PBXBuildFile; fileRef = 18AA2CC42B9A71D000EF99F6 /* SwiftDoView.swift */; };
		18AA2CC72B9A71FE00EF99F6 /* NewItemView.swift in Sources */ = {isa = PBXBuildFile; fileRef = 18AA2CC62B9A71FE00EF99F6 /* NewItemView.swift */; };
		18AA2CC92B9A722300EF99F6 /* LoginView.swift in Sources */ = {isa = PBXBuildFile; fileRef = 18AA2CC82B9A722300EF99F6 /* LoginView.swift */; };
		18AA2CCB2B9A723C00EF99F6 /* RegisterView.swift in Sources */ = {isa = PBXBuildFile; fileRef = 18AA2CCA2B9A723C00EF99F6 /* RegisterView.swift */; };
		18AA2CCD2B9A728000EF99F6 /* SwiftDoItemView.swift in Sources */ = {isa = PBXBuildFile; fileRef = 18AA2CCC2B9A728000EF99F6 /* SwiftDoItemView.swift */; };
		18AA2CCF2B9A784200EF99F6 /* User.swift in Sources */ = {isa = PBXBuildFile; fileRef = 18AA2CCE2B9A784200EF99F6 /* User.swift */; };
		18AA2CD12B9A785E00EF99F6 /* SwiftDoItem.swift in Sources */ = {isa = PBXBuildFile; fileRef = 18AA2CD02B9A785E00EF99F6 /* SwiftDoItem.swift */; };
		18AA2CD32B9A78ED00EF99F6 /* MainViewViewModel.swift in Sources */ = {isa = PBXBuildFile; fileRef = 18AA2CD22B9A78ED00EF99F6 /* MainViewViewModel.swift */; };
		18AA2CD52B9A790F00EF99F6 /* ProfileViewViewModel.swift in Sources */ = {isa = PBXBuildFile; fileRef = 18AA2CD42B9A790F00EF99F6 /* ProfileViewViewModel.swift */; };
		18AA2CD72B9A791C00EF99F6 /* SwiftDoViewViewModel.swift in Sources */ = {isa = PBXBuildFile; fileRef = 18AA2CD62B9A791C00EF99F6 /* SwiftDoViewViewModel.swift */; };
		18AA2CD92B9A793000EF99F6 /* NewItemViewViewModel.swift in Sources */ = {isa = PBXBuildFile; fileRef = 18AA2CD82B9A793000EF99F6 /* NewItemViewViewModel.swift */; };
		18AA2CDB2B9A794000EF99F6 /* LoginViewViewModel.swift in Sources */ = {isa = PBXBuildFile; fileRef = 18AA2CDA2B9A794000EF99F6 /* LoginViewViewModel.swift */; };
		18AA2CDD2B9A794D00EF99F6 /* RegisterViewViewModel.swift in Sources */ = {isa = PBXBuildFile; fileRef = 18AA2CDC2B9A794D00EF99F6 /* RegisterViewViewModel.swift */; };
		18AA2CDF2B9A795E00EF99F6 /* SwiftDoItemViewViewModel.swift in Sources */ = {isa = PBXBuildFile; fileRef = 18AA2CDE2B9A795E00EF99F6 /* SwiftDoItemViewViewModel.swift */; };
/* End PBXBuildFile section */

/* Begin PBXFileReference section */
		187C6DE92B9A13EC00739FFC /* SwiftDo.app */ = {isa = PBXFileReference; explicitFileType = wrapper.application; includeInIndex = 0; path = SwiftDo.app; sourceTree = BUILT_PRODUCTS_DIR; };
		187C6DEC2B9A13EC00739FFC /* SwiftDoApp.swift */ = {isa = PBXFileReference; lastKnownFileType = sourcecode.swift; path = SwiftDoApp.swift; sourceTree = "<group>"; };
		187C6DEE2B9A13EC00739FFC /* MainView.swift */ = {isa = PBXFileReference; lastKnownFileType = sourcecode.swift; path = MainView.swift; sourceTree = "<group>"; };
		187C6DF02B9A13EE00739FFC /* Assets.xcassets */ = {isa = PBXFileReference; lastKnownFileType = folder.assetcatalog; path = Assets.xcassets; sourceTree = "<group>"; };
		187C6DF32B9A13EE00739FFC /* Preview Assets.xcassets */ = {isa = PBXFileReference; lastKnownFileType = folder.assetcatalog; path = "Preview Assets.xcassets"; sourceTree = "<group>"; };
		18AA2CC02B9A6E0000EF99F6 /* GoogleService-Info.plist */ = {isa = PBXFileReference; fileEncoding = 4; lastKnownFileType = text.plist.xml; name = "GoogleService-Info.plist"; path = "../../../../GoogleService-Info.plist"; sourceTree = "<group>"; };
		18AA2CC22B9A71A400EF99F6 /* ProfileView.swift */ = {isa = PBXFileReference; lastKnownFileType = sourcecode.swift; path = ProfileView.swift; sourceTree = "<group>"; };
		18AA2CC42B9A71D000EF99F6 /* SwiftDoView.swift */ = {isa = PBXFileReference; lastKnownFileType = sourcecode.swift; path = SwiftDoView.swift; sourceTree = "<group>"; };
		18AA2CC62B9A71FE00EF99F6 /* NewItemView.swift */ = {isa = PBXFileReference; lastKnownFileType = sourcecode.swift; path = NewItemView.swift; sourceTree = "<group>"; };
		18AA2CC82B9A722300EF99F6 /* LoginView.swift */ = {isa = PBXFileReference; lastKnownFileType = sourcecode.swift; path = LoginView.swift; sourceTree = "<group>"; };
		18AA2CCA2B9A723C00EF99F6 /* RegisterView.swift */ = {isa = PBXFileReference; lastKnownFileType = sourcecode.swift; path = RegisterView.swift; sourceTree = "<group>"; };
		18AA2CCC2B9A728000EF99F6 /* SwiftDoItemView.swift */ = {isa = PBXFileReference; lastKnownFileType = sourcecode.swift; path = SwiftDoItemView.swift; sourceTree = "<group>"; };
		18AA2CCE2B9A784200EF99F6 /* User.swift */ = {isa = PBXFileReference; lastKnownFileType = sourcecode.swift; path = User.swift; sourceTree = "<group>"; };
		18AA2CD02B9A785E00EF99F6 /* SwiftDoItem.swift */ = {isa = PBXFileReference; lastKnownFileType = sourcecode.swift; path = SwiftDoItem.swift; sourceTree = "<group>"; };
		18AA2CD22B9A78ED00EF99F6 /* MainViewViewModel.swift */ = {isa = PBXFileReference; lastKnownFileType = sourcecode.swift; path = MainViewViewModel.swift; sourceTree = "<group>"; };
		18AA2CD42B9A790F00EF99F6 /* ProfileViewViewModel.swift */ = {isa = PBXFileReference; lastKnownFileType = sourcecode.swift; path = ProfileViewViewModel.swift; sourceTree = "<group>"; };
		18AA2CD62B9A791C00EF99F6 /* SwiftDoViewViewModel.swift */ = {isa = PBXFileReference; lastKnownFileType = sourcecode.swift; path = SwiftDoViewViewModel.swift; sourceTree = "<group>"; };
		18AA2CD82B9A793000EF99F6 /* NewItemViewViewModel.swift */ = {isa = PBXFileReference; lastKnownFileType = sourcecode.swift; path = NewItemViewViewModel.swift; sourceTree = "<group>"; };
		18AA2CDA2B9A794000EF99F6 /* LoginViewViewModel.swift */ = {isa = PBXFileReference; lastKnownFileType = sourcecode.swift; path = LoginViewViewModel.swift; sourceTree = "<group>"; };
		18AA2CDC2B9A794D00EF99F6 /* RegisterViewViewModel.swift */ = {isa = PBXFileReference; lastKnownFileType = sourcecode.swift; path = RegisterViewViewModel.swift; sourceTree = "<group>"; };
		18AA2CDE2B9A795E00EF99F6 /* SwiftDoItemViewViewModel.swift */ = {isa = PBXFileReference; lastKnownFileType = sourcecode.swift; path = SwiftDoItemViewViewModel.swift; sourceTree = "<group>"; };
/* End PBXFileReference section */

/* Begin PBXFrameworksBuildPhase section */
		187C6DE62B9A13EC00739FFC /* Frameworks */ = {
			isa = PBXFrameworksBuildPhase;
			buildActionMask = 2147483647;
			files = (
				18AA2C922B9A654800EF99F6 /* FirebaseDatabase in Frameworks */,
				18AA2CA02B9A654800EF99F6 /* FirebaseFunctionsCombine-Community in Frameworks */,
				18AA2C982B9A654800EF99F6 /* FirebaseFirestore in Frameworks */,
				18AA2C842B9A654700EF99F6 /* FirebaseAnalyticsSwift in Frameworks */,
				18AA2C802B9A654700EF99F6 /* FirebaseAnalytics in Frameworks */,
				18AA2C822B9A654700EF99F6 /* FirebaseAnalyticsOnDeviceConversion in Frameworks */,
				18AA2CA82B9A654800EF99F6 /* FirebaseMLModelDownloader in Frameworks */,
				18AA2C9C2B9A654800EF99F6 /* FirebaseFirestoreSwift in Frameworks */,
				18AA2C882B9A654700EF99F6 /* FirebaseAppCheck in Frameworks */,
				18AA2C862B9A654700EF99F6 /* FirebaseAnalyticsWithoutAdIdSupport in Frameworks */,
				18AA2C8C2B9A654800EF99F6 /* FirebaseAuth in Frameworks */,
				18AA2C902B9A654800EF99F6 /* FirebaseCrashlytics in Frameworks */,
				18AA2CB02B9A654800EF99F6 /* FirebaseRemoteConfigSwift in Frameworks */,
				18AA2CA22B9A654800EF99F6 /* FirebaseInAppMessaging-Beta in Frameworks */,
				18AA2C942B9A654800EF99F6 /* FirebaseDatabaseSwift in Frameworks */,
				18AA2C9E2B9A654800EF99F6 /* FirebaseFunctions in Frameworks */,
				18AA2CB42B9A654800EF99F6 /* FirebaseStorageCombine-Community in Frameworks */,
				18AA2CAE2B9A654800EF99F6 /* FirebaseRemoteConfig in Frameworks */,
				18AA2C8A2B9A654800EF99F6 /* FirebaseAppDistribution-Beta in Frameworks */,
				18AA2C8E2B9A654800EF99F6 /* FirebaseAuthCombine-Community in Frameworks */,
				18AA2CAC2B9A654800EF99F6 /* FirebasePerformance in Frameworks */,
				18AA2CA42B9A654800EF99F6 /* FirebaseInAppMessagingSwift-Beta in Frameworks */,
				18AA2CB22B9A654800EF99F6 /* FirebaseStorage in Frameworks */,
				18AA2C962B9A654800EF99F6 /* FirebaseDynamicLinks in Frameworks */,
				18AA2C9A2B9A654800EF99F6 /* FirebaseFirestoreCombine-Community in Frameworks */,
				18AA2CAA2B9A654800EF99F6 /* FirebaseMessaging in Frameworks */,
				18AA2CA62B9A654800EF99F6 /* FirebaseInstallations in Frameworks */,
			);
			runOnlyForDeploymentPostprocessing = 0;
		};
/* End PBXFrameworksBuildPhase section */

/* Begin PBXGroup section */
		187C6DE02B9A13EC00739FFC = {
			isa = PBXGroup;
			children = (
				187C6DEB2B9A13EC00739FFC /* SwiftDo */,
				187C6DEA2B9A13EC00739FFC /* Products */,
			);
			sourceTree = "<group>";
		};
		187C6DEA2B9A13EC00739FFC /* Products */ = {
			isa = PBXGroup;
			children = (
				187C6DE92B9A13EC00739FFC /* SwiftDo.app */,
			);
			name = Products;
			sourceTree = "<group>";
		};
		187C6DEB2B9A13EC00739FFC /* SwiftDo */ = {
			isa = PBXGroup;
			children = (
				18AA2CB82B9A6C0800EF99F6 /* Other */,
				18AA2CB72B9A6B4B00EF99F6 /* Models */,
				18AA2CB62B9A691000EF99F6 /* ViewModels */,
				18AA2CB52B9A690400EF99F6 /* Views */,
				187C6DF22B9A13EE00739FFC /* Preview Content */,
			);
			path = SwiftDo;
			sourceTree = "<group>";
		};
		187C6DF22B9A13EE00739FFC /* Preview Content */ = {
			isa = PBXGroup;
			children = (
				187C6DF32B9A13EE00739FFC /* Preview Assets.xcassets */,
			);
			path = "Preview Content";
			sourceTree = "<group>";
		};
		18AA2CB52B9A690400EF99F6 /* Views */ = {
			isa = PBXGroup;
			children = (
				187C6DEE2B9A13EC00739FFC /* MainView.swift */,
				18AA2CC22B9A71A400EF99F6 /* ProfileView.swift */,
				18AA2CC42B9A71D000EF99F6 /* SwiftDoView.swift */,
				18AA2CC62B9A71FE00EF99F6 /* NewItemView.swift */,
				18AA2CC82B9A722300EF99F6 /* LoginView.swift */,
				18AA2CCA2B9A723C00EF99F6 /* RegisterView.swift */,
				18AA2CCC2B9A728000EF99F6 /* SwiftDoItemView.swift */,
			);
			path = Views;
			sourceTree = "<group>";
		};
		18AA2CB62B9A691000EF99F6 /* ViewModels */ = {
			isa = PBXGroup;
			children = (
				18AA2CD22B9A78ED00EF99F6 /* MainViewViewModel.swift */,
				18AA2CD42B9A790F00EF99F6 /* ProfileViewViewModel.swift */,
				18AA2CD62B9A791C00EF99F6 /* SwiftDoViewViewModel.swift */,
				18AA2CD82B9A793000EF99F6 /* NewItemViewViewModel.swift */,
				18AA2CDA2B9A794000EF99F6 /* LoginViewViewModel.swift */,
				18AA2CDC2B9A794D00EF99F6 /* RegisterViewViewModel.swift */,
				18AA2CDE2B9A795E00EF99F6 /* SwiftDoItemViewViewModel.swift */,
			);
			path = ViewModels;
			sourceTree = "<group>";
		};
		18AA2CB72B9A6B4B00EF99F6 /* Models */ = {
			isa = PBXGroup;
			children = (
				18AA2CCE2B9A784200EF99F6 /* User.swift */,
				18AA2CD02B9A785E00EF99F6 /* SwiftDoItem.swift */,
			);
			path = Models;
			sourceTree = "<group>";
		};
		18AA2CB82B9A6C0800EF99F6 /* Other */ = {
			isa = PBXGroup;
			children = (
				18AA2CC02B9A6E0000EF99F6 /* GoogleService-Info.plist */,
				187C6DF02B9A13EE00739FFC /* Assets.xcassets */,
				187C6DEC2B9A13EC00739FFC /* SwiftDoApp.swift */,
			);
			path = Other;
			sourceTree = "<group>";
		};
/* End PBXGroup section */

/* Begin PBXNativeTarget section */
		187C6DE82B9A13EC00739FFC /* SwiftDo */ = {
			isa = PBXNativeTarget;
			buildConfigurationList = 187C6DF72B9A13EE00739FFC /* Build configuration list for PBXNativeTarget "SwiftDo" */;
			buildPhases = (
				187C6DE52B9A13EC00739FFC /* Sources */,
				187C6DE62B9A13EC00739FFC /* Frameworks */,
				187C6DE72B9A13EC00739FFC /* Resources */,
			);
			buildRules = (
			);
			dependencies = (
			);
			name = SwiftDo;
			packageProductDependencies = (
				18AA2C7F2B9A654700EF99F6 /* FirebaseAnalytics */,
				18AA2C812B9A654700EF99F6 /* FirebaseAnalyticsOnDeviceConversion */,
				18AA2C832B9A654700EF99F6 /* FirebaseAnalyticsSwift */,
				18AA2C852B9A654700EF99F6 /* FirebaseAnalyticsWithoutAdIdSupport */,
				18AA2C872B9A654700EF99F6 /* FirebaseAppCheck */,
				18AA2C892B9A654700EF99F6 /* FirebaseAppDistribution-Beta */,
				18AA2C8B2B9A654800EF99F6 /* FirebaseAuth */,
				18AA2C8D2B9A654800EF99F6 /* FirebaseAuthCombine-Community */,
				18AA2C8F2B9A654800EF99F6 /* FirebaseCrashlytics */,
				18AA2C912B9A654800EF99F6 /* FirebaseDatabase */,
				18AA2C932B9A654800EF99F6 /* FirebaseDatabaseSwift */,
				18AA2C952B9A654800EF99F6 /* FirebaseDynamicLinks */,
				18AA2C972B9A654800EF99F6 /* FirebaseFirestore */,
				18AA2C992B9A654800EF99F6 /* FirebaseFirestoreCombine-Community */,
				18AA2C9B2B9A654800EF99F6 /* FirebaseFirestoreSwift */,
				18AA2C9D2B9A654800EF99F6 /* FirebaseFunctions */,
				18AA2C9F2B9A654800EF99F6 /* FirebaseFunctionsCombine-Community */,
				18AA2CA12B9A654800EF99F6 /* FirebaseInAppMessaging-Beta */,
				18AA2CA32B9A654800EF99F6 /* FirebaseInAppMessagingSwift-Beta */,
				18AA2CA52B9A654800EF99F6 /* FirebaseInstallations */,
				18AA2CA72B9A654800EF99F6 /* FirebaseMLModelDownloader */,
				18AA2CA92B9A654800EF99F6 /* FirebaseMessaging */,
				18AA2CAB2B9A654800EF99F6 /* FirebasePerformance */,
				18AA2CAD2B9A654800EF99F6 /* FirebaseRemoteConfig */,
				18AA2CAF2B9A654800EF99F6 /* FirebaseRemoteConfigSwift */,
				18AA2CB12B9A654800EF99F6 /* FirebaseStorage */,
				18AA2CB32B9A654800EF99F6 /* FirebaseStorageCombine-Community */,
			);
			productName = SwiftDo;
			productReference = 187C6DE92B9A13EC00739FFC /* SwiftDo.app */;
			productType = "com.apple.product-type.application";
		};
/* End PBXNativeTarget section */

/* Begin PBXProject section */
		187C6DE12B9A13EC00739FFC /* Project object */ = {
			isa = PBXProject;
			attributes = {
				BuildIndependentTargetsInParallel = 1;
				LastSwiftUpdateCheck = 1530;
				LastUpgradeCheck = 1530;
				TargetAttributes = {
					187C6DE82B9A13EC00739FFC = {
						CreatedOnToolsVersion = 15.3;
					};
				};
			};
			buildConfigurationList = 187C6DE42B9A13EC00739FFC /* Build configuration list for PBXProject "SwiftDo" */;
			compatibilityVersion = "Xcode 14.0";
			developmentRegion = en;
			hasScannedForEncodings = 0;
			knownRegions = (
				en,
				Base,
			);
			mainGroup = 187C6DE02B9A13EC00739FFC;
			packageReferences = (
				18AA2C7E2B9A654700EF99F6 /* XCRemoteSwiftPackageReference "firebase-ios-sdk" */,
			);
			productRefGroup = 187C6DEA2B9A13EC00739FFC /* Products */;
			projectDirPath = "";
			projectRoot = "";
			targets = (
				187C6DE82B9A13EC00739FFC /* SwiftDo */,
			);
		};
/* End PBXProject section */

/* Begin PBXResourcesBuildPhase section */
		187C6DE72B9A13EC00739FFC /* Resources */ = {
			isa = PBXResourcesBuildPhase;
			buildActionMask = 2147483647;
			files = (
				187C6DF42B9A13EE00739FFC /* Preview Assets.xcassets in Resources */,
				187C6DF12B9A13EE00739FFC /* Assets.xcassets in Resources */,
				18AA2CC12B9A6E0000EF99F6 /* GoogleService-Info.plist in Resources */,
			);
			runOnlyForDeploymentPostprocessing = 0;
		};
/* End PBXResourcesBuildPhase section */

/* Begin PBXSourcesBuildPhase section */
		187C6DE52B9A13EC00739FFC /* Sources */ = {
			isa = PBXSourcesBuildPhase;
			buildActionMask = 2147483647;
			files = (
				18AA2CC92B9A722300EF99F6 /* LoginView.swift in Sources */,
				187C6DEF2B9A13EC00739FFC /* MainView.swift in Sources */,
				18AA2CDD2B9A794D00EF99F6 /* RegisterViewViewModel.swift in Sources */,
				18AA2CD32B9A78ED00EF99F6 /* MainViewViewModel.swift in Sources */,
				18AA2CCD2B9A728000EF99F6 /* SwiftDoItemView.swift in Sources */,
				18AA2CC32B9A71A400EF99F6 /* ProfileView.swift in Sources */,
				18AA2CD52B9A790F00EF99F6 /* ProfileViewViewModel.swift in Sources */,
				18AA2CCB2B9A723C00EF99F6 /* RegisterView.swift in Sources */,
				18AA2CCF2B9A784200EF99F6 /* User.swift in Sources */,
				18AA2CC52B9A71D000EF99F6 /* SwiftDoView.swift in Sources */,
				18AA2CD12B9A785E00EF99F6 /* SwiftDoItem.swift in Sources */,
				18AA2CDB2B9A794000EF99F6 /* LoginViewViewModel.swift in Sources */,
				187C6DED2B9A13EC00739FFC /* SwiftDoApp.swift in Sources */,
				18AA2CC72B9A71FE00EF99F6 /* NewItemView.swift in Sources */,
				18AA2CD72B9A791C00EF99F6 /* SwiftDoViewViewModel.swift in Sources */,
				18AA2CDF2B9A795E00EF99F6 /* SwiftDoItemViewViewModel.swift in Sources */,
				18AA2CD92B9A793000EF99F6 /* NewItemViewViewModel.swift in Sources */,
			);
			runOnlyForDeploymentPostprocessing = 0;
		};
/* End PBXSourcesBuildPhase section */

/* Begin XCBuildConfiguration section */
		187C6DF52B9A13EE00739FFC /* Debug */ = {
			isa = XCBuildConfiguration;
			buildSettings = {
				ALWAYS_SEARCH_USER_PATHS = NO;
				ASSETCATALOG_COMPILER_GENERATE_SWIFT_ASSET_SYMBOL_EXTENSIONS = YES;
				CLANG_ANALYZER_NONNULL = YES;
				CLANG_ANALYZER_NUMBER_OBJECT_CONVERSION = YES_AGGRESSIVE;
				CLANG_CXX_LANGUAGE_STANDARD = "gnu++20";
				CLANG_ENABLE_MODULES = YES;
				CLANG_ENABLE_OBJC_ARC = YES;
				CLANG_ENABLE_OBJC_WEAK = YES;
				CLANG_WARN_BLOCK_CAPTURE_AUTORELEASING = YES;
				CLANG_WARN_BOOL_CONVERSION = YES;
				CLANG_WARN_COMMA = YES;
				CLANG_WARN_CONSTANT_CONVERSION = YES;
				CLANG_WARN_DEPRECATED_OBJC_IMPLEMENTATIONS = YES;
				CLANG_WARN_DIRECT_OBJC_ISA_USAGE = YES_ERROR;
				CLANG_WARN_DOCUMENTATION_COMMENTS = YES;
				CLANG_WARN_EMPTY_BODY = YES;
				CLANG_WARN_ENUM_CONVERSION = YES;
				CLANG_WARN_INFINITE_RECURSION = YES;
				CLANG_WARN_INT_CONVERSION = YES;
				CLANG_WARN_NON_LITERAL_NULL_CONVERSION = YES;
				CLANG_WARN_OBJC_IMPLICIT_RETAIN_SELF = YES;
				CLANG_WARN_OBJC_LITERAL_CONVERSION = YES;
				CLANG_WARN_OBJC_ROOT_CLASS = YES_ERROR;
				CLANG_WARN_QUOTED_INCLUDE_IN_FRAMEWORK_HEADER = YES;
				CLANG_WARN_RANGE_LOOP_ANALYSIS = YES;
				CLANG_WARN_STRICT_PROTOTYPES = YES;
				CLANG_WARN_SUSPICIOUS_MOVE = YES;
				CLANG_WARN_UNGUARDED_AVAILABILITY = YES_AGGRESSIVE;
				CLANG_WARN_UNREACHABLE_CODE = YES;
				CLANG_WARN__DUPLICATE_METHOD_MATCH = YES;
				COPY_PHASE_STRIP = NO;
				DEBUG_INFORMATION_FORMAT = dwarf;
				ENABLE_STRICT_OBJC_MSGSEND = YES;
				ENABLE_TESTABILITY = YES;
				ENABLE_USER_SCRIPT_SANDBOXING = YES;
				GCC_C_LANGUAGE_STANDARD = gnu17;
				GCC_DYNAMIC_NO_PIC = NO;
				GCC_NO_COMMON_BLOCKS = YES;
				GCC_OPTIMIZATION_LEVEL = 0;
				GCC_PREPROCESSOR_DEFINITIONS = (
					"DEBUG=1",
					"$(inherited)",
				);
				GCC_WARN_64_TO_32_BIT_CONVERSION = YES;
				GCC_WARN_ABOUT_RETURN_TYPE = YES_ERROR;
				GCC_WARN_UNDECLARED_SELECTOR = YES;
				GCC_WARN_UNINITIALIZED_AUTOS = YES_AGGRESSIVE;
				GCC_WARN_UNUSED_FUNCTION = YES;
				GCC_WARN_UNUSED_VARIABLE = YES;
				IPHONEOS_DEPLOYMENT_TARGET = 17.4;
				LOCALIZATION_PREFERS_STRING_CATALOGS = YES;
				MTL_ENABLE_DEBUG_INFO = INCLUDE_SOURCE;
				MTL_FAST_MATH = YES;
				ONLY_ACTIVE_ARCH = YES;
				SDKROOT = iphoneos;
				SWIFT_ACTIVE_COMPILATION_CONDITIONS = "DEBUG $(inherited)";
				SWIFT_OPTIMIZATION_LEVEL = "-Onone";
			};
			name = Debug;
		};
		187C6DF62B9A13EE00739FFC /* Release */ = {
			isa = XCBuildConfiguration;
			buildSettings = {
				ALWAYS_SEARCH_USER_PATHS = NO;
				ASSETCATALOG_COMPILER_GENERATE_SWIFT_ASSET_SYMBOL_EXTENSIONS = YES;
				CLANG_ANALYZER_NONNULL = YES;
				CLANG_ANALYZER_NUMBER_OBJECT_CONVERSION = YES_AGGRESSIVE;
				CLANG_CXX_LANGUAGE_STANDARD = "gnu++20";
				CLANG_ENABLE_MODULES = YES;
				CLANG_ENABLE_OBJC_ARC = YES;
				CLANG_ENABLE_OBJC_WEAK = YES;
				CLANG_WARN_BLOCK_CAPTURE_AUTORELEASING = YES;
				CLANG_WARN_BOOL_CONVERSION = YES;
				CLANG_WARN_COMMA = YES;
				CLANG_WARN_CONSTANT_CONVERSION = YES;
				CLANG_WARN_DEPRECATED_OBJC_IMPLEMENTATIONS = YES;
				CLANG_WARN_DIRECT_OBJC_ISA_USAGE = YES_ERROR;
				CLANG_WARN_DOCUMENTATION_COMMENTS = YES;
				CLANG_WARN_EMPTY_BODY = YES;
				CLANG_WARN_ENUM_CONVERSION = YES;
				CLANG_WARN_INFINITE_RECURSION = YES;
				CLANG_WARN_INT_CONVERSION = YES;
				CLANG_WARN_NON_LITERAL_NULL_CONVERSION = YES;
				CLANG_WARN_OBJC_IMPLICIT_RETAIN_SELF = YES;
				CLANG_WARN_OBJC_LITERAL_CONVERSION = YES;
				CLANG_WARN_OBJC_ROOT_CLASS = YES_ERROR;
				CLANG_WARN_QUOTED_INCLUDE_IN_FRAMEWORK_HEADER = YES;
				CLANG_WARN_RANGE_LOOP_ANALYSIS = YES;
				CLANG_WARN_STRICT_PROTOTYPES = YES;
				CLANG_WARN_SUSPICIOUS_MOVE = YES;
				CLANG_WARN_UNGUARDED_AVAILABILITY = YES_AGGRESSIVE;
				CLANG_WARN_UNREACHABLE_CODE = YES;
				CLANG_WARN__DUPLICATE_METHOD_MATCH = YES;
				COPY_PHASE_STRIP = NO;
				DEBUG_INFORMATION_FORMAT = "dwarf-with-dsym";
				ENABLE_NS_ASSERTIONS = NO;
				ENABLE_STRICT_OBJC_MSGSEND = YES;
				ENABLE_USER_SCRIPT_SANDBOXING = YES;
				GCC_C_LANGUAGE_STANDARD = gnu17;
				GCC_NO_COMMON_BLOCKS = YES;
				GCC_WARN_64_TO_32_BIT_CONVERSION = YES;
				GCC_WARN_ABOUT_RETURN_TYPE = YES_ERROR;
				GCC_WARN_UNDECLARED_SELECTOR = YES;
				GCC_WARN_UNINITIALIZED_AUTOS = YES_AGGRESSIVE;
				GCC_WARN_UNUSED_FUNCTION = YES;
				GCC_WARN_UNUSED_VARIABLE = YES;
				IPHONEOS_DEPLOYMENT_TARGET = 17.4;
				LOCALIZATION_PREFERS_STRING_CATALOGS = YES;
				MTL_ENABLE_DEBUG_INFO = NO;
				MTL_FAST_MATH = YES;
				SDKROOT = iphoneos;
				SWIFT_COMPILATION_MODE = wholemodule;
				VALIDATE_PRODUCT = YES;
			};
			name = Release;
		};
		187C6DF82B9A13EE00739FFC /* Debug */ = {
			isa = XCBuildConfiguration;
			buildSettings = {
				ASSETCATALOG_COMPILER_APPICON_NAME = AppIcon;
				ASSETCATALOG_COMPILER_GLOBAL_ACCENT_COLOR_NAME = AccentColor;
				CODE_SIGN_STYLE = Automatic;
				CURRENT_PROJECT_VERSION = 1;
				DEVELOPMENT_ASSET_PATHS = "\"SwiftDo/Preview Content\"";
				DEVELOPMENT_TEAM = 622QE445GT;
				ENABLE_PREVIEWS = YES;
				GENERATE_INFOPLIST_FILE = YES;
				INFOPLIST_KEY_UIApplicationSceneManifest_Generation = YES;
				INFOPLIST_KEY_UIApplicationSupportsIndirectInputEvents = YES;
				INFOPLIST_KEY_UILaunchScreen_Generation = YES;
				INFOPLIST_KEY_UISupportedInterfaceOrientations_iPad = "UIInterfaceOrientationPortrait UIInterfaceOrientationPortraitUpsideDown UIInterfaceOrientationLandscapeLeft UIInterfaceOrientationLandscapeRight";
				INFOPLIST_KEY_UISupportedInterfaceOrientations_iPhone = "UIInterfaceOrientationPortrait UIInterfaceOrientationLandscapeLeft UIInterfaceOrientationLandscapeRight";
				LD_RUNPATH_SEARCH_PATHS = (
					"$(inherited)",
					"@executable_path/Frameworks",
				);
				MARKETING_VERSION = 1.0;
				PRODUCT_BUNDLE_IDENTIFIER = com.siraajul.SwiftDo;
				PRODUCT_NAME = "$(TARGET_NAME)";
				SWIFT_EMIT_LOC_STRINGS = YES;
				SWIFT_VERSION = 5.0;
				TARGETED_DEVICE_FAMILY = "1,2";
			};
			name = Debug;
		};
		187C6DF92B9A13EE00739FFC /* Release */ = {
			isa = XCBuildConfiguration;
			buildSettings = {
				ASSETCATALOG_COMPILER_APPICON_NAME = AppIcon;
				ASSETCATALOG_COMPILER_GLOBAL_ACCENT_COLOR_NAME = AccentColor;
				CODE_SIGN_STYLE = Automatic;
				CURRENT_PROJECT_VERSION = 1;
				DEVELOPMENT_ASSET_PATHS = "\"SwiftDo/Preview Content\"";
				DEVELOPMENT_TEAM = 622QE445GT;
				ENABLE_PREVIEWS = YES;
				GENERATE_INFOPLIST_FILE = YES;
				INFOPLIST_KEY_UIApplicationSceneManifest_Generation = YES;
				INFOPLIST_KEY_UIApplicationSupportsIndirectInputEvents = YES;
				INFOPLIST_KEY_UILaunchScreen_Generation = YES;
				INFOPLIST_KEY_UISupportedInterfaceOrientations_iPad = "UIInterfaceOrientationPortrait UIInterfaceOrientationPortraitUpsideDown UIInterfaceOrientationLandscapeLeft UIInterfaceOrientationLandscapeRight";
				INFOPLIST_KEY_UISupportedInterfaceOrientations_iPhone = "UIInterfaceOrientationPortrait UIInterfaceOrientationLandscapeLeft UIInterfaceOrientationLandscapeRight";
				LD_RUNPATH_SEARCH_PATHS = (
					"$(inherited)",
					"@executable_path/Frameworks",
				);
				MARKETING_VERSION = 1.0;
				PRODUCT_BUNDLE_IDENTIFIER = com.siraajul.SwiftDo;
				PRODUCT_NAME = "$(TARGET_NAME)";
				SWIFT_EMIT_LOC_STRINGS = YES;
				SWIFT_VERSION = 5.0;
				TARGETED_DEVICE_FAMILY = "1,2";
			};
			name = Release;
		};
/* End XCBuildConfiguration section */

/* Begin XCConfigurationList section */
		187C6DE42B9A13EC00739FFC /* Build configuration list for PBXProject "SwiftDo" */ = {
			isa = XCConfigurationList;
			buildConfigurations = (
				187C6DF52B9A13EE00739FFC /* Debug */,
				187C6DF62B9A13EE00739FFC /* Release */,
			);
			defaultConfigurationIsVisible = 0;
			defaultConfigurationName = Release;
		};
		187C6DF72B9A13EE00739FFC /* Build configuration list for PBXNativeTarget "SwiftDo" */ = {
			isa = XCConfigurationList;
			buildConfigurations = (
				187C6DF82B9A13EE00739FFC /* Debug */,
				187C6DF92B9A13EE00739FFC /* Release */,
			);
			defaultConfigurationIsVisible = 0;
			defaultConfigurationName = Release;
		};
/* End XCConfigurationList section */

/* Begin XCRemoteSwiftPackageReference section */
		18AA2C7E2B9A654700EF99F6 /* XCRemoteSwiftPackageReference "firebase-ios-sdk" */ = {
			isa = XCRemoteSwiftPackageReference;
			repositoryURL = "https://github.com/firebase/firebase-ios-sdk";
			requirement = {
				kind = upToNextMajorVersion;
				minimumVersion = 10.22.1;
			};
		};
/* End XCRemoteSwiftPackageReference section */

/* Begin XCSwiftPackageProductDependency section */
		18AA2C7F2B9A654700EF99F6 /* FirebaseAnalytics */ = {
			isa = XCSwiftPackageProductDependency;
			package = 18AA2C7E2B9A654700EF99F6 /* XCRemoteSwiftPackageReference "firebase-ios-sdk" */;
			productName = FirebaseAnalytics;
		};
		18AA2C812B9A654700EF99F6 /* FirebaseAnalyticsOnDeviceConversion */ = {
			isa = XCSwiftPackageProductDependency;
			package = 18AA2C7E2B9A654700EF99F6 /* XCRemoteSwiftPackageReference "firebase-ios-sdk" */;
			productName = FirebaseAnalyticsOnDeviceConversion;
		};
		18AA2C832B9A654700EF99F6 /* FirebaseAnalyticsSwift */ = {
			isa = XCSwiftPackageProductDependency;
			package = 18AA2C7E2B9A654700EF99F6 /* XCRemoteSwiftPackageReference "firebase-ios-sdk" */;
			productName = FirebaseAnalyticsSwift;
		};
		18AA2C852B9A654700EF99F6 /* FirebaseAnalyticsWithoutAdIdSupport */ = {
			isa = XCSwiftPackageProductDependency;
			package = 18AA2C7E2B9A654700EF99F6 /* XCRemoteSwiftPackageReference "firebase-ios-sdk" */;
			productName = FirebaseAnalyticsWithoutAdIdSupport;
		};
		18AA2C872B9A654700EF99F6 /* FirebaseAppCheck */ = {
			isa = XCSwiftPackageProductDependency;
			package = 18AA2C7E2B9A654700EF99F6 /* XCRemoteSwiftPackageReference "firebase-ios-sdk" */;
			productName = FirebaseAppCheck;
		};
		18AA2C892B9A654700EF99F6 /* FirebaseAppDistribution-Beta */ = {
			isa = XCSwiftPackageProductDependency;
			package = 18AA2C7E2B9A654700EF99F6 /* XCRemoteSwiftPackageReference "firebase-ios-sdk" */;
			productName = "FirebaseAppDistribution-Beta";
		};
		18AA2C8B2B9A654800EF99F6 /* FirebaseAuth */ = {
			isa = XCSwiftPackageProductDependency;
			package = 18AA2C7E2B9A654700EF99F6 /* XCRemoteSwiftPackageReference "firebase-ios-sdk" */;
			productName = FirebaseAuth;
		};
		18AA2C8D2B9A654800EF99F6 /* FirebaseAuthCombine-Community */ = {
			isa = XCSwiftPackageProductDependency;
			package = 18AA2C7E2B9A654700EF99F6 /* XCRemoteSwiftPackageReference "firebase-ios-sdk" */;
			productName = "FirebaseAuthCombine-Community";
		};
		18AA2C8F2B9A654800EF99F6 /* FirebaseCrashlytics */ = {
			isa = XCSwiftPackageProductDependency;
			package = 18AA2C7E2B9A654700EF99F6 /* XCRemoteSwiftPackageReference "firebase-ios-sdk" */;
			productName = FirebaseCrashlytics;
		};
		18AA2C912B9A654800EF99F6 /* FirebaseDatabase */ = {
			isa = XCSwiftPackageProductDependency;
			package = 18AA2C7E2B9A654700EF99F6 /* XCRemoteSwiftPackageReference "firebase-ios-sdk" */;
			productName = FirebaseDatabase;
		};
		18AA2C932B9A654800EF99F6 /* FirebaseDatabaseSwift */ = {
			isa = XCSwiftPackageProductDependency;
			package = 18AA2C7E2B9A654700EF99F6 /* XCRemoteSwiftPackageReference "firebase-ios-sdk" */;
			productName = FirebaseDatabaseSwift;
		};
		18AA2C952B9A654800EF99F6 /* FirebaseDynamicLinks */ = {
			isa = XCSwiftPackageProductDependency;
			package = 18AA2C7E2B9A654700EF99F6 /* XCRemoteSwiftPackageReference "firebase-ios-sdk" */;
			productName = FirebaseDynamicLinks;
		};
		18AA2C972B9A654800EF99F6 /* FirebaseFirestore */ = {
			isa = XCSwiftPackageProductDependency;
			package = 18AA2C7E2B9A654700EF99F6 /* XCRemoteSwiftPackageReference "firebase-ios-sdk" */;
			productName = FirebaseFirestore;
		};
		18AA2C992B9A654800EF99F6 /* FirebaseFirestoreCombine-Community */ = {
			isa = XCSwiftPackageProductDependency;
			package = 18AA2C7E2B9A654700EF99F6 /* XCRemoteSwiftPackageReference "firebase-ios-sdk" */;
			productName = "FirebaseFirestoreCombine-Community";
		};
		18AA2C9B2B9A654800EF99F6 /* FirebaseFirestoreSwift */ = {
			isa = XCSwiftPackageProductDependency;
			package = 18AA2C7E2B9A654700EF99F6 /* XCRemoteSwiftPackageReference "firebase-ios-sdk" */;
			productName = FirebaseFirestoreSwift;
		};
		18AA2C9D2B9A654800EF99F6 /* FirebaseFunctions */ = {
			isa = XCSwiftPackageProductDependency;
			package = 18AA2C7E2B9A654700EF99F6 /* XCRemoteSwiftPackageReference "firebase-ios-sdk" */;
			productName = FirebaseFunctions;
		};
		18AA2C9F2B9A654800EF99F6 /* FirebaseFunctionsCombine-Community */ = {
			isa = XCSwiftPackageProductDependency;
			package = 18AA2C7E2B9A654700EF99F6 /* XCRemoteSwiftPackageReference "firebase-ios-sdk" */;
			productName = "FirebaseFunctionsCombine-Community";
		};
		18AA2CA12B9A654800EF99F6 /* FirebaseInAppMessaging-Beta */ = {
			isa = XCSwiftPackageProductDependency;
			package = 18AA2C7E2B9A654700EF99F6 /* XCRemoteSwiftPackageReference "firebase-ios-sdk" */;
			productName = "FirebaseInAppMessaging-Beta";
		};
		18AA2CA32B9A654800EF99F6 /* FirebaseInAppMessagingSwift-Beta */ = {
			isa = XCSwiftPackageProductDependency;
			package = 18AA2C7E2B9A654700EF99F6 /* XCRemoteSwiftPackageReference "firebase-ios-sdk" */;
			productName = "FirebaseInAppMessagingSwift-Beta";
		};
		18AA2CA52B9A654800EF99F6 /* FirebaseInstallations */ = {
			isa = XCSwiftPackageProductDependency;
			package = 18AA2C7E2B9A654700EF99F6 /* XCRemoteSwiftPackageReference "firebase-ios-sdk" */;
			productName = FirebaseInstallations;
		};
		18AA2CA72B9A654800EF99F6 /* FirebaseMLModelDownloader */ = {
			isa = XCSwiftPackageProductDependency;
			package = 18AA2C7E2B9A654700EF99F6 /* XCRemoteSwiftPackageReference "firebase-ios-sdk" */;
			productName = FirebaseMLModelDownloader;
		};
		18AA2CA92B9A654800EF99F6 /* FirebaseMessaging */ = {
			isa = XCSwiftPackageProductDependency;
			package = 18AA2C7E2B9A654700EF99F6 /* XCRemoteSwiftPackageReference "firebase-ios-sdk" */;
			productName = FirebaseMessaging;
		};
		18AA2CAB2B9A654800EF99F6 /* FirebasePerformance */ = {
			isa = XCSwiftPackageProductDependency;
			package = 18AA2C7E2B9A654700EF99F6 /* XCRemoteSwiftPackageReference "firebase-ios-sdk" */;
			productName = FirebasePerformance;
		};
		18AA2CAD2B9A654800EF99F6 /* FirebaseRemoteConfig */ = {
			isa = XCSwiftPackageProductDependency;
			package = 18AA2C7E2B9A654700EF99F6 /* XCRemoteSwiftPackageReference "firebase-ios-sdk" */;
			productName = FirebaseRemoteConfig;
		};
		18AA2CAF2B9A654800EF99F6 /* FirebaseRemoteConfigSwift */ = {
			isa = XCSwiftPackageProductDependency;
			package = 18AA2C7E2B9A654700EF99F6 /* XCRemoteSwiftPackageReference "firebase-ios-sdk" */;
			productName = FirebaseRemoteConfigSwift;
		};
		18AA2CB12B9A654800EF99F6 /* FirebaseStorage */ = {
			isa = XCSwiftPackageProductDependency;
			package = 18AA2C7E2B9A654700EF99F6 /* XCRemoteSwiftPackageReference "firebase-ios-sdk" */;
			productName = FirebaseStorage;
		};
		18AA2CB32B9A654800EF99F6 /* FirebaseStorageCombine-Community */ = {
			isa = XCSwiftPackageProductDependency;
			package = 18AA2C7E2B9A654700EF99F6 /* XCRemoteSwiftPackageReference "firebase-ios-sdk" */;
			productName = "FirebaseStorageCombine-Community";
		};
/* End XCSwiftPackageProductDependency section */
	};
	rootObject = 187C6DE12B9A13EC00739FFC /* Project object */;
}
